
Microsoft Visual Studio Solution File, Format Version 12.00
# Visual Studio Version 16
VisualStudioVersion = 16.0.28803.202
MinimumVisualStudioVersion = 10.0.40219.1
Project("{FAE04EC0-301F-11D3-BF4B-00C04F79EFBC}") = "CMS Shopping Cart MVC", "CmsShoppingCart\CMS Shopping Cart MVC.csproj", "{AE7C75A3-7301-4830-8016-E9A55857F67D}"
EndProject
Global
	GlobalSection(SolutionConfigurationPlatforms) = preSolution
		Debug|Any CPU = Debug|Any CPU
		Release|Any CPU = Release|Any CPU
	EndGlobalSection
	GlobalSection(ProjectConfigurationPlatforms) = postSolution
		{AE7C75A3-7301-4830-8016-E9A55857F67D}.Debug|Any CPU.ActiveCfg = Debug|Any CPU
		{AE7C75A3-7301-4830-8016-E9A55857F67D}.Debug|Any CPU.Build.0 = Debug|Any CPU
		{AE7C75A3-7301-4830-8016-E9A55857F67D}.Release|Any CPU.ActiveCfg = Release|Any CPU
		{AE7C75A3-7301-4830-8016-E9A55857F67D}.Release|Any CPU.Build.0 = Release|Any CPU
	EndGlobalSection
	GlobalSection(SolutionProperties) = preSolution
		HideSolutionNode = FALSE
	EndGlobalSection
	GlobalSection(ExtensibilityGlobals) = postSolution
		SolutionGuid = {114F3726-B5BF-479D-8B7A-C825FB341E79}
	EndGlobalSection
EndGlobal
